<?xml version="1.0" encoding="utf-8"?>
<Project ToolsVersion="4.0" xmlns="http://schemas.microsoft.com/developer/msbuild/2003">
  <ItemGroup>
    <Filter Include="Source Files">
      <UniqueIdentifier>{00a820d6-3647-443e-8ad4-956669c3cc31}</UniqueIdentifier>
      <Extensions>cpp;c;cxx;rc;def;r;odl;idl;hpj;bat</Extensions>
    </Filter>
    <Filter Include="Header Files">
      <UniqueIdentifier>{362cae91-3ae9-4abd-aec1-525389b0159f}</UniqueIdentifier>
      <Extensions>h;hpp;hxx;hm;inl</Extensions>
    </Filter>
  </ItemGroup>
  <ItemGroup>
    <ClCompile Include="src\BrowseForFolder.cpp">
      <Filter>Source Files</Filter>
    </ClCompile>
    <ClCompile Include="src\regex\chartables.cpp">
      <Filter>Source Files</Filter>
    </ClCompile>
    <ClCompile Include="src\ColourPicker.cpp">
      <Filter>Source Files</Filter>
    </ClCompile>
    <ClCompile Include="src\ColourPopup.cpp">
      <Filter>Source Files</Filter>
    </ClCompile>
    <ClCompile Include="src\Crypt.cpp">
      <Filter>Source Files</Filter>
    </ClCompile>
    <ClCompile Include="src\DataQueue.cpp">
      <Filter>Source Files</Filter>
    </ClCompile>
    <ClCompile Include="src\Directory.cpp">
      <Filter>Source Files</Filter>
    </ClCompile>
    <ClCompile Include="src\Dragger.cpp">
      <Filter>Source Files</Filter>
    </ClCompile>
    <ClCompile Include="src\DragMultiTree.cpp">
      <Filter>Source Files</Filter>
    </ClCompile>
    <ClCompile Include="src\DriveCB.cpp">
      <Filter>Source Files</Filter>
    </ClCompile>
    <ClCompile Include="src\Filename.cpp">
      <Filter>Source Files</Filter>
    </ClCompile>
    <ClCompile Include="src\FolderCB.cpp">
      <Filter>Source Files</Filter>
    </ClCompile>
    <ClCompile Include="src\GKeyboard.cpp">
      <Filter>Source Files</Filter>
    </ClCompile>
    <ClCompile Include="src\GMouse.cpp">
      <Filter>Source Files</Filter>
    </ClCompile>
    <ClCompile Include="src\GradStatic.cpp">
      <Filter>Source Files</Filter>
    </ClCompile>
    <ClCompile Include="src\ImageButton.cpp">
      <Filter>Source Files</Filter>
    </ClCompile>
    <ClCompile Include="src\Logger.cpp">
      <Filter>Source Files</Filter>
    </ClCompile>
    <ClCompile Include="src\MenuButton.cpp">
      <Filter>Source Files</Filter>
    </ClCompile>
    <ClCompile Include="src\MFCX_DLL.cpp">
      <Filter>Source Files</Filter>
    </ClCompile>
    <ClCompile Include="src\MultiTree.cpp">
      <Filter>Source Files</Filter>
    </ClCompile>
    <ClCompile Include="src\regex\pcre.cpp">
      <Filter>Source Files</Filter>
    </ClCompile>
    <ClCompile Include="src\PersistColourDlg.cpp">
      <Filter>Source Files</Filter>
    </ClCompile>
    <ClCompile Include="src\PersistListCtrl.cpp">
      <Filter>Source Files</Filter>
    </ClCompile>
    <ClCompile Include="src\Regex.cpp">
      <Filter>Source Files</Filter>
    </ClCompile>
    <ClCompile Include="src\RegexString.cpp">
      <Filter>Source Files</Filter>
    </ClCompile>
    <ClCompile Include="src\RegKey.cpp">
      <Filter>Source Files</Filter>
    </ClCompile>
    <ClCompile Include="src\SBDestination.cpp">
      <Filter>Source Files</Filter>
    </ClCompile>
    <ClCompile Include="src\Sound.cpp">
      <Filter>Source Files</Filter>
    </ClCompile>
    <ClCompile Include="src\Splasher.cpp">
      <Filter>Source Files</Filter>
    </ClCompile>
    <ClCompile Include="src\StdAfx.cpp">
      <Filter>Source Files</Filter>
    </ClCompile>
    <ClCompile Include="src\SysImageList.cpp">
      <Filter>Source Files</Filter>
    </ClCompile>
    <ClCompile Include="src\Thread.cpp">
      <Filter>Source Files</Filter>
    </ClCompile>
    <ClCompile Include="src\Utils.cpp">
      <Filter>Source Files</Filter>
    </ClCompile>
    <ClCompile Include="src\VerInfo.cpp">
      <Filter>Source Files</Filter>
    </ClCompile>
    <ClCompile Include="src\XListBox.cpp">
      <Filter>Source Files</Filter>
    </ClCompile>
    <ClCompile Include="src\XListCtrl.cpp">
      <Filter>Source Files</Filter>
    </ClCompile>
    <ClCompile Include="src\xml.cpp">
      <Filter>Source Files</Filter>
    </ClCompile>
    <ClCompile Include="src\XRecentFile.cpp">
      <Filter>Source Files</Filter>
    </ClCompile>
    <ClCompile Include="src\XScrollView.cpp">
      <Filter>Source Files</Filter>
    </ClCompile>
    <ClCompile Include="src\XString.cpp">
      <Filter>Source Files</Filter>
    </ClCompile>
    <ClCompile Include="src\XStringList.cpp">
      <Filter>Source Files</Filter>
    </ClCompile>
    <ClCompile Include="src\XTime.cpp">
      <Filter>Source Files</Filter>
    </ClCompile>
    <ClCompile Include="src\XTreeCtrl.cpp">
      <Filter>Source Files</Filter>
    </ClCompile>
  </ItemGroup>
  <ItemGroup>
    <ClInclude Include="src\regex\internal.h">
      <Filter>Source Files</Filter>
    </ClInclude>
    <ClInclude Include="include\BrowseForFolder.h">
      <Filter>Header Files</Filter>
    </ClInclude>
    <ClInclude Include="include\ColourPicker.h">
      <Filter>Header Files</Filter>
    </ClInclude>
    <ClInclude Include="include\ColourPopup.h">
      <Filter>Header Files</Filter>
    </ClInclude>
    <ClInclude Include="include\Crypt.h">
      <Filter>Header Files</Filter>
    </ClInclude>
    <ClInclude Include="include\DataQueue.h">
      <Filter>Header Files</Filter>
    </ClInclude>
    <ClInclude Include="include\Directory.h">
      <Filter>Header Files</Filter>
    </ClInclude>
    <ClInclude Include="include\Dragger.h">
      <Filter>Header Files</Filter>
    </ClInclude>
    <ClInclude Include="include\DragMultiTree.h">
      <Filter>Header Files</Filter>
    </ClInclude>
    <ClInclude Include="include\DriveCB.h">
      <Filter>Header Files</Filter>
    </ClInclude>
    <ClInclude Include="src\DriveCB.h">
      <Filter>Header Files</Filter>
    </ClInclude>
    <ClInclude Include="include\Filename.h">
      <Filter>Header Files</Filter>
    </ClInclude>
    <ClInclude Include="include\FolderCB.h">
      <Filter>Header Files</Filter>
    </ClInclude>
    <ClInclude Include="src\FolderCB.h">
      <Filter>Header Files</Filter>
    </ClInclude>
    <ClInclude Include="include\GKeyboard.h">
      <Filter>Header Files</Filter>
    </ClInclude>
    <ClInclude Include="include\GMouse.h">
      <Filter>Header Files</Filter>
    </ClInclude>
    <ClInclude Include="include\GradStatic.h">
      <Filter>Header Files</Filter>
    </ClInclude>
    <ClInclude Include="src\GradStatic.h">
      <Filter>Header Files</Filter>
    </ClInclude>
    <ClInclude Include="include\ImageButton.h">
      <Filter>Header Files</Filter>
    </ClInclude>
    <ClInclude Include="include\Logger.h">
      <Filter>Header Files</Filter>
    </ClInclude>
    <ClInclude Include="include\MenuButton.h">
      <Filter>Header Files</Filter>
    </ClInclude>
    <ClInclude Include="include\MFCX.h">
      <Filter>Header Files</Filter>
    </ClInclude>
    <ClInclude Include="src\MFCX_DLL.h">
      <Filter>Header Files</Filter>
    </ClInclude>
    <ClInclude Include="include\MFCXres.h">
      <Filter>Header Files</Filter>
    </ClInclude>
    <ClInclude Include="include\MultiTree.h">
      <Filter>Header Files</Filter>
    </ClInclude>
    <ClInclude Include="include\PersistColourDlg.h">
      <Filter>Header Files</Filter>
    </ClInclude>
    <ClInclude Include="include\PersistListCtrl.h">
      <Filter>Header Files</Filter>
    </ClInclude>
    <ClInclude Include="src\PersistListCtrl.h">
      <Filter>Header Files</Filter>
    </ClInclude>
    <ClInclude Include="include\Regex.h">
      <Filter>Header Files</Filter>
    </ClInclude>
    <ClInclude Include="include\RegexString.h">
      <Filter>Header Files</Filter>
    </ClInclude>
    <ClInclude Include="include\RegKey.h">
      <Filter>Header Files</Filter>
    </ClInclude>
    <ClInclude Include="include\SBDestination.h">
      <Filter>Header Files</Filter>
    </ClInclude>
    <ClInclude Include="include\Sound.h">
      <Filter>Header Files</Filter>
    </ClInclude>
    <ClInclude Include="include\Splasher.h">
      <Filter>Header Files</Filter>
    </ClInclude>
    <ClInclude Include="src\StdAfx.h">
      <Filter>Header Files</Filter>
    </ClInclude>
    <ClInclude Include="include\SysImageList.h">
      <Filter>Header Files</Filter>
    </ClInclude>
    <ClInclude Include="src\SysImageList.h">
      <Filter>Header Files</Filter>
    </ClInclude>
    <ClInclude Include="include\TArray.h">
      <Filter>Header Files</Filter>
    </ClInclude>
    <ClInclude Include="include\Thread.h">
      <Filter>Header Files</Filter>
    </ClInclude>
    <ClInclude Include="include\TList.h">
      <Filter>Header Files</Filter>
    </ClInclude>
    <ClInclude Include="include\TMap.h">
      <Filter>Header Files</Filter>
    </ClInclude>
    <ClInclude Include="include\Utils.h">
      <Filter>Header Files</Filter>
    </ClInclude>
    <ClInclude Include="include\VerInfo.h">
      <Filter>Header Files</Filter>
    </ClInclude>
    <ClInclude Include="include\XListBox.h">
      <Filter>Header Files</Filter>
    </ClInclude>
    <ClInclude Include="include\XListCtrl.h">
      <Filter>Header Files</Filter>
    </ClInclude>
    <ClInclude Include="include\xml.h">
      <Filter>Header Files</Filter>
    </ClInclude>
    <ClInclude Include="include\XRecentFile.h">
      <Filter>Header Files</Filter>
    </ClInclude>
    <ClInclude Include="include\XScrollView.h">
      <Filter>Header Files</Filter>
    </ClInclude>
    <ClInclude Include="include\XString.h">
      <Filter>Header Files</Filter>
    </ClInclude>
    <ClInclude Include="include\XStringList.h">
      <Filter>Header Files</Filter>
    </ClInclude>
    <ClInclude Include="include\XTime.h">
      <Filter>Header Files</Filter>
    </ClInclude>
    <ClInclude Include="include\XTreeCtrl.h">
      <Filter>Header Files</Filter>
    </ClInclude>
  </ItemGroup>
  <ItemGroup>
    <ResourceCompile Include="include\MFCX.rc">
      <Filter>Header Files</Filter>
    </ResourceCompile>
  </ItemGroup>
  <ItemGroup>
    <Image Include="include\res\folders.bmp" />
    <Image Include="include\res\folders_disabled.bmp" />
    <Image Include="include\res\xlbDelete.bmp" />
    <Image Include="include\res\xlbMoveDown.bmp" />
    <Image Include="include\res\xlbMoveUp.bmp" />
    <Image Include="include\res\xlbNew.bmp" />
  </ItemGroup>
</Project>